
Microsoft Visual Studio Solution File, Format Version 12.00
# Visual Studio Version 17
VisualStudioVersion = 17.7.34221.43
MinimumVisualStudioVersion = 10.0.40219.1
Project("{FAE04EC0-301F-11D3-BF4B-00C04F79EFBC}") = "TeamProject", "TeamProject\TeamProject.csproj", "{800AC662-B701-41C8-A349-AB6CC9F52C2C}"
EndProject
Global
	GlobalSection(SolutionConfigurationPlatforms) = preSolution
		Debug|Any CPU = Debug|Any CPU
		Release|Any CPU = Release|Any CPU
	EndGlobalSection
	GlobalSection(ProjectConfigurationPlatforms) = postSolution
		{800AC662-B701-41C8-A349-AB6CC9F52C2C}.Debug|Any CPU.ActiveCfg = Debug|Any CPU
		{800AC662-B701-41C8-A349-AB6CC9F52C2C}.Debug|Any CPU.Build.0 = Debug|Any CPU
		{800AC662-B701-41C8-A349-AB6CC9F52C2C}.Release|Any CPU.ActiveCfg = Release|Any CPU
		{800AC662-B701-41C8-A349-AB6CC9F52C2C}.Release|Any CPU.Build.0 = Release|Any CPU
	EndGlobalSection
	GlobalSection(SolutionProperties) = preSolution
		HideSolutionNode = FALSE
	EndGlobalSection
	GlobalSection(ExtensibilityGlobals) = postSolution
		SolutionGuid = {3CE6B508-DBA1-49DB-A1E6-674EA8E52609}
	EndGlobalSection
EndGlobal
